{
  "name": "express",
  "version": "1.0.0",
  "lockfileVersion": 1,
  "requires": true,
  "dependencies": {
    "ejs": {
      "version": "2.7.3",
      "resolved": "https://registry.npmjs.org/ejs/-/ejs-2.7.3.tgz",
      "integrity": "sha512-NtMNsdpaCF23gvHItgT37gzrpzckzs7KB7mg+YH1GMSG/5iZRq1BeWzAhEAJVagfM7nCQDnh/C51j/L2qjZmnA=="
    }
  }
}
